// !$*UTF8*$!
{
	archiveVersion = 1;
	classes = {
	};
	objectVersion = 77;
	objects = {

/* Begin PBXBuildFile section */
		D60C5A5E2DE7233D0031E4EC /* EssentialApp.xctestplan in Resources */ = {isa = PBXBuildFile; fileRef = D60C5A5D2DE7233D0031E4EC /* EssentialApp.xctestplan */; };
		D60C5A7C2DE7417B0031E4EC /* AppDelegate.swift in Sources */ = {isa = PBXBuildFile; fileRef = D60C5A712DE7417B0031E4EC /* AppDelegate.swift */; };
		D60C5A7F2DE7417B0031E4EC /* SceneDelegate.swift in Sources */ = {isa = PBXBuildFile; fileRef = D60C5A7A2DE7417B0031E4EC /* SceneDelegate.swift */; };
		D60C5A802DE7417B0031E4EC /* Assets.xcassets in Resources */ = {isa = PBXBuildFile; fileRef = D60C5A722DE7417B0031E4EC /* Assets.xcassets */; };
		D60C5A822DE7417B0031E4EC /* LaunchScreen.storyboard in Resources */ = {isa = PBXBuildFile; fileRef = D60C5A772DE7417B0031E4EC /* LaunchScreen.storyboard */; };
		D60C5A862DE7418B0031E4EC /* XCTestCase+MemoryLeakTracking.swift in Sources */ = {isa = PBXBuildFile; fileRef = D60C5A852DE7418B0031E4EC /* XCTestCase+MemoryLeakTracking.swift */; };
		D60C5A882DE742010031E4EC /* SharedTestHelpers.swift in Sources */ = {isa = PBXBuildFile; fileRef = D60C5A872DE742010031E4EC /* SharedTestHelpers.swift */; };
		D622E9142DE7202A00957BA7 /* EssentialFeed.framework in Frameworks */ = {isa = PBXBuildFile; fileRef = D622E9122DE7202A00957BA7 /* EssentialFeed.framework */; };
		D622E9152DE7202A00957BA7 /* EssentialFeed.framework in Embed Frameworks */ = {isa = PBXBuildFile; fileRef = D622E9122DE7202A00957BA7 /* EssentialFeed.framework */; settings = {ATTRIBUTES = (CodeSignOnCopy, RemoveHeadersOnCopy, ); }; };
		D622E9162DE7202A00957BA7 /* EssentialFeediOS.framework in Frameworks */ = {isa = PBXBuildFile; fileRef = D622E9132DE7202A00957BA7 /* EssentialFeediOS.framework */; };
		D622E9172DE7202A00957BA7 /* EssentialFeediOS.framework in Embed Frameworks */ = {isa = PBXBuildFile; fileRef = D622E9132DE7202A00957BA7 /* EssentialFeediOS.framework */; settings = {ATTRIBUTES = (CodeSignOnCopy, RemoveHeadersOnCopy, ); }; };
		D638B40B2DE8C73100563E38 /* UIView+TestHelpers.swift in Sources */ = {isa = PBXBuildFile; fileRef = D638B40A2DE8C73100563E38 /* UIView+TestHelpers.swift */; };
		D638B40D2DED4FEE00563E38 /* CombineHelpers.swift in Sources */ = {isa = PBXBuildFile; fileRef = D638B40C2DED4FEE00563E38 /* CombineHelpers.swift */; };
		D656C3732DF3172000DFDE0D /* CommentsUIComposer.swift in Sources */ = {isa = PBXBuildFile; fileRef = D656C3722DF3172000DFDE0D /* CommentsUIComposer.swift */; };
		D656C3752DF3174A00DFDE0D /* CommentsUIIntegrationTests.swift in Sources */ = {isa = PBXBuildFile; fileRef = D656C3742DF3174A00DFDE0D /* CommentsUIIntegrationTests.swift */; };
		D66C08DE2DE816E100848142 /* SceneDelegateTests.swift in Sources */ = {isa = PBXBuildFile; fileRef = D66C08DD2DE816E100848142 /* SceneDelegateTests.swift */; };
		D66C08E52DE81A7200848142 /* FeedViewAdapter.swift in Sources */ = {isa = PBXBuildFile; fileRef = D66C08E22DE81A7200848142 /* FeedViewAdapter.swift */; };
		D66C08E62DE81A7200848142 /* WeakRefVirtualProxy.swift in Sources */ = {isa = PBXBuildFile; fileRef = D66C08E42DE81A7200848142 /* WeakRefVirtualProxy.swift */; };
		D66C08E72DE81A7200848142 /* LoadResourcePresentationAdapter.swift in Sources */ = {isa = PBXBuildFile; fileRef = D66C08E02DE81A7200848142 /* LoadResourcePresentationAdapter.swift */; };
		D66C08E82DE81A7200848142 /* FeedUIComposer.swift in Sources */ = {isa = PBXBuildFile; fileRef = D66C08E12DE81A7200848142 /* FeedUIComposer.swift */; };
		D66C08EC2DE81C5F00848142 /* FeedUIIntegrationTests.swift in Sources */ = {isa = PBXBuildFile; fileRef = D66C08EB2DE81C5F00848142 /* FeedUIIntegrationTests.swift */; };
		D66C08F62DE81C8E00848142 /* UIControl+TestHelpers.swift in Sources */ = {isa = PBXBuildFile; fileRef = D66C08F32DE81C8E00848142 /* UIControl+TestHelpers.swift */; };
		D66C08F72DE81C8E00848142 /* UIRefreshControl+TestHelpers.swift in Sources */ = {isa = PBXBuildFile; fileRef = D66C08F52DE81C8E00848142 /* UIRefreshControl+TestHelpers.swift */; };
		D66C08F82DE81C8E00848142 /* ListViewController+TestHelpers.swift in Sources */ = {isa = PBXBuildFile; fileRef = D66C08EE2DE81C8E00848142 /* ListViewController+TestHelpers.swift */; };
		D66C08FA2DE81C8E00848142 /* FeedViewControllerTests+Assertions.swift in Sources */ = {isa = PBXBuildFile; fileRef = D66C08EF2DE81C8E00848142 /* FeedViewControllerTests+Assertions.swift */; };
		D66C08FB2DE81C8E00848142 /* FeedImageCell+TestHelpers.swift in Sources */ = {isa = PBXBuildFile; fileRef = D66C08ED2DE81C8E00848142 /* FeedImageCell+TestHelpers.swift */; };
		D66C08FC2DE81C8E00848142 /* UIButton+TestHelpers.swift in Sources */ = {isa = PBXBuildFile; fileRef = D66C08F22DE81C8E00848142 /* UIButton+TestHelpers.swift */; };
		D66C08FD2DE81C8E00848142 /* FeedViewControllerTests+LoaderSpy.swift in Sources */ = {isa = PBXBuildFile; fileRef = D66C08F02DE81C8E00848142 /* FeedViewControllerTests+LoaderSpy.swift */; };
		D66C08FE2DE81C8E00848142 /* UIImage+TestHelpers.swift in Sources */ = {isa = PBXBuildFile; fileRef = D66C08F42DE81C8E00848142 /* UIImage+TestHelpers.swift */; };
		D66C09002DE81D1700848142 /* FeedAccentanceTests.swift in Sources */ = {isa = PBXBuildFile; fileRef = D66C08FF2DE81D1700848142 /* FeedAccentanceTests.swift */; };
		D66C09022DE8465B00848142 /* HTTPClientStub.swift in Sources */ = {isa = PBXBuildFile; fileRef = D66C09012DE8465B00848142 /* HTTPClientStub.swift */; };
		D66C09042DE846AA00848142 /* InMemoryFeedStore.swift in Sources */ = {isa = PBXBuildFile; fileRef = D66C09032DE846AA00848142 /* InMemoryFeedStore.swift */; };
/* End PBXBuildFile section */

/* Begin PBXContainerItemProxy section */
		D69E912B2DE71E740040B911 /* PBXContainerItemProxy */ = {
			isa = PBXContainerItemProxy;
			containerPortal = D69E910C2DE71E730040B911 /* Project object */;
			proxyType = 1;
			remoteGlobalIDString = D69E91132DE71E730040B911;
			remoteInfo = EssentialApp;
		};
/* End PBXContainerItemProxy section */

/* Begin PBXCopyFilesBuildPhase section */
		D622E9182DE7202A00957BA7 /* Embed Frameworks */ = {
			isa = PBXCopyFilesBuildPhase;
			buildActionMask = 2147483647;
			dstPath = "";
			dstSubfolderSpec = 10;
			files = (
				D622E9152DE7202A00957BA7 /* EssentialFeed.framework in Embed Frameworks */,
				D622E9172DE7202A00957BA7 /* EssentialFeediOS.framework in Embed Frameworks */,
			);
			name = "Embed Frameworks";
			runOnlyForDeploymentPostprocessing = 0;
		};
/* End PBXCopyFilesBuildPhase section */

/* Begin PBXFileReference section */
		D60C5A5D2DE7233D0031E4EC /* EssentialApp.xctestplan */ = {isa = PBXFileReference; lastKnownFileType = text; path = EssentialApp.xctestplan; sourceTree = "<group>"; };
		D60C5A712DE7417B0031E4EC /* AppDelegate.swift */ = {isa = PBXFileReference; lastKnownFileType = sourcecode.swift; path = AppDelegate.swift; sourceTree = "<group>"; };
		D60C5A722DE7417B0031E4EC /* Assets.xcassets */ = {isa = PBXFileReference; lastKnownFileType = folder.assetcatalog; path = Assets.xcassets; sourceTree = "<group>"; };
		D60C5A752DE7417B0031E4EC /* Info.plist */ = {isa = PBXFileReference; lastKnownFileType = text.plist.xml; path = Info.plist; sourceTree = "<group>"; };
		D60C5A762DE7417B0031E4EC /* Base */ = {isa = PBXFileReference; lastKnownFileType = file.storyboard; name = Base; path = Base.lproj/LaunchScreen.storyboard; sourceTree = "<group>"; };
		D60C5A7A2DE7417B0031E4EC /* SceneDelegate.swift */ = {isa = PBXFileReference; lastKnownFileType = sourcecode.swift; path = SceneDelegate.swift; sourceTree = "<group>"; };
		D60C5A852DE7418B0031E4EC /* XCTestCase+MemoryLeakTracking.swift */ = {isa = PBXFileReference; lastKnownFileType = sourcecode.swift; path = "XCTestCase+MemoryLeakTracking.swift"; sourceTree = "<group>"; };
		D60C5A872DE742010031E4EC /* SharedTestHelpers.swift */ = {isa = PBXFileReference; lastKnownFileType = sourcecode.swift; path = SharedTestHelpers.swift; sourceTree = "<group>"; };
		D622E9122DE7202A00957BA7 /* EssentialFeed.framework */ = {isa = PBXFileReference; explicitFileType = wrapper.framework; path = EssentialFeed.framework; sourceTree = BUILT_PRODUCTS_DIR; };
		D622E9132DE7202A00957BA7 /* EssentialFeediOS.framework */ = {isa = PBXFileReference; explicitFileType = wrapper.framework; path = EssentialFeediOS.framework; sourceTree = BUILT_PRODUCTS_DIR; };
		D638B40A2DE8C73100563E38 /* UIView+TestHelpers.swift */ = {isa = PBXFileReference; lastKnownFileType = sourcecode.swift; path = "UIView+TestHelpers.swift"; sourceTree = "<group>"; };
		D638B40C2DED4FEE00563E38 /* CombineHelpers.swift */ = {isa = PBXFileReference; lastKnownFileType = sourcecode.swift; path = CombineHelpers.swift; sourceTree = "<group>"; };
		D656C3722DF3172000DFDE0D /* CommentsUIComposer.swift */ = {isa = PBXFileReference; lastKnownFileType = sourcecode.swift; path = CommentsUIComposer.swift; sourceTree = "<group>"; };
		D656C3742DF3174A00DFDE0D /* CommentsUIIntegrationTests.swift */ = {isa = PBXFileReference; lastKnownFileType = sourcecode.swift; path = CommentsUIIntegrationTests.swift; sourceTree = "<group>"; };
		D66C08DD2DE816E100848142 /* SceneDelegateTests.swift */ = {isa = PBXFileReference; lastKnownFileType = sourcecode.swift; path = SceneDelegateTests.swift; sourceTree = "<group>"; };
		D66C08E02DE81A7200848142 /* LoadResourcePresentationAdapter.swift */ = {isa = PBXFileReference; lastKnownFileType = sourcecode.swift; path = LoadResourcePresentationAdapter.swift; sourceTree = "<group>"; };
		D66C08E12DE81A7200848142 /* FeedUIComposer.swift */ = {isa = PBXFileReference; lastKnownFileType = sourcecode.swift; path = FeedUIComposer.swift; sourceTree = "<group>"; };
		D66C08E22DE81A7200848142 /* FeedViewAdapter.swift */ = {isa = PBXFileReference; lastKnownFileType = sourcecode.swift; path = FeedViewAdapter.swift; sourceTree = "<group>"; };
		D66C08E42DE81A7200848142 /* WeakRefVirtualProxy.swift */ = {isa = PBXFileReference; lastKnownFileType = sourcecode.swift; path = WeakRefVirtualProxy.swift; sourceTree = "<group>"; };
		D66C08EB2DE81C5F00848142 /* FeedUIIntegrationTests.swift */ = {isa = PBXFileReference; lastKnownFileType = sourcecode.swift; path = FeedUIIntegrationTests.swift; sourceTree = "<group>"; };
		D66C08ED2DE81C8E00848142 /* FeedImageCell+TestHelpers.swift */ = {isa = PBXFileReference; lastKnownFileType = sourcecode.swift; path = "FeedImageCell+TestHelpers.swift"; sourceTree = "<group>"; };
		D66C08EE2DE81C8E00848142 /* ListViewController+TestHelpers.swift */ = {isa = PBXFileReference; lastKnownFileType = sourcecode.swift; path = "ListViewController+TestHelpers.swift"; sourceTree = "<group>"; };
		D66C08EF2DE81C8E00848142 /* FeedViewControllerTests+Assertions.swift */ = {isa = PBXFileReference; lastKnownFileType = sourcecode.swift; path = "FeedViewControllerTests+Assertions.swift"; sourceTree = "<group>"; };
		D66C08F02DE81C8E00848142 /* FeedViewControllerTests+LoaderSpy.swift */ = {isa = PBXFileReference; lastKnownFileType = sourcecode.swift; path = "FeedViewControllerTests+LoaderSpy.swift"; sourceTree = "<group>"; };
		D66C08F22DE81C8E00848142 /* UIButton+TestHelpers.swift */ = {isa = PBXFileReference; lastKnownFileType = sourcecode.swift; path = "UIButton+TestHelpers.swift"; sourceTree = "<group>"; };
		D66C08F32DE81C8E00848142 /* UIControl+TestHelpers.swift */ = {isa = PBXFileReference; lastKnownFileType = sourcecode.swift; path = "UIControl+TestHelpers.swift"; sourceTree = "<group>"; };
		D66C08F42DE81C8E00848142 /* UIImage+TestHelpers.swift */ = {isa = PBXFileReference; lastKnownFileType = sourcecode.swift; path = "UIImage+TestHelpers.swift"; sourceTree = "<group>"; };
		D66C08F52DE81C8E00848142 /* UIRefreshControl+TestHelpers.swift */ = {isa = PBXFileReference; lastKnownFileType = sourcecode.swift; path = "UIRefreshControl+TestHelpers.swift"; sourceTree = "<group>"; };
		D66C08FF2DE81D1700848142 /* FeedAccentanceTests.swift */ = {isa = PBXFileReference; lastKnownFileType = sourcecode.swift; path = FeedAccentanceTests.swift; sourceTree = "<group>"; };
		D66C09012DE8465B00848142 /* HTTPClientStub.swift */ = {isa = PBXFileReference; lastKnownFileType = sourcecode.swift; path = HTTPClientStub.swift; sourceTree = "<group>"; };
		D66C09032DE846AA00848142 /* InMemoryFeedStore.swift */ = {isa = PBXFileReference; lastKnownFileType = sourcecode.swift; path = InMemoryFeedStore.swift; sourceTree = "<group>"; };
		D69E91142DE71E730040B911 /* EssentialApp.app */ = {isa = PBXFileReference; explicitFileType = wrapper.application; includeInIndex = 0; path = EssentialApp.app; sourceTree = BUILT_PRODUCTS_DIR; };
		D69E912A2DE71E740040B911 /* EssentialAppTests.xctest */ = {isa = PBXFileReference; explicitFileType = wrapper.cfbundle; includeInIndex = 0; path = EssentialAppTests.xctest; sourceTree = BUILT_PRODUCTS_DIR; };
/* End PBXFileReference section */

/* Begin PBXFrameworksBuildPhase section */
		D69E91112DE71E730040B911 /* Frameworks */ = {
			isa = PBXFrameworksBuildPhase;
			buildActionMask = 2147483647;
			files = (
				D622E9142DE7202A00957BA7 /* EssentialFeed.framework in Frameworks */,
				D622E9162DE7202A00957BA7 /* EssentialFeediOS.framework in Frameworks */,
			);
			runOnlyForDeploymentPostprocessing = 0;
		};
		D69E91272DE71E740040B911 /* Frameworks */ = {
			isa = PBXFrameworksBuildPhase;
			buildActionMask = 2147483647;
			files = (
			);
			runOnlyForDeploymentPostprocessing = 0;
		};
/* End PBXFrameworksBuildPhase section */

/* Begin PBXGroup section */
		D60C5A6D2DE741750031E4EC /* EssentialAppTests */ = {
			isa = PBXGroup;
			children = (
				D66C08FF2DE81D1700848142 /* FeedAccentanceTests.swift */,
				D66C08EB2DE81C5F00848142 /* FeedUIIntegrationTests.swift */,
				D66C08DD2DE816E100848142 /* SceneDelegateTests.swift */,
				D60C5A842DE7417E0031E4EC /* Helpers */,
				D656C3742DF3174A00DFDE0D /* CommentsUIIntegrationTests.swift */,
			);
			path = EssentialAppTests;
			sourceTree = "<group>";
		};
		D60C5A7B2DE7417B0031E4EC /* EssentialApp */ = {
			isa = PBXGroup;
			children = (
				D60C5A752DE7417B0031E4EC /* Info.plist */,
				D60C5A712DE7417B0031E4EC /* AppDelegate.swift */,
				D638B40C2DED4FEE00563E38 /* CombineHelpers.swift */,
				D656C3722DF3172000DFDE0D /* CommentsUIComposer.swift */,
				D66C08E12DE81A7200848142 /* FeedUIComposer.swift */,
				D66C08E22DE81A7200848142 /* FeedViewAdapter.swift */,
				D66C08E02DE81A7200848142 /* LoadResourcePresentationAdapter.swift */,
				D60C5A7A2DE7417B0031E4EC /* SceneDelegate.swift */,
				D66C08E42DE81A7200848142 /* WeakRefVirtualProxy.swift */,
				D60C5A722DE7417B0031E4EC /* Assets.xcassets */,
				D60C5A772DE7417B0031E4EC /* LaunchScreen.storyboard */,
			);
			path = EssentialApp;
			sourceTree = "<group>";
		};
		D60C5A842DE7417E0031E4EC /* Helpers */ = {
			isa = PBXGroup;
			children = (
				D66C08ED2DE81C8E00848142 /* FeedImageCell+TestHelpers.swift */,
				D66C08EF2DE81C8E00848142 /* FeedViewControllerTests+Assertions.swift */,
				D66C08F02DE81C8E00848142 /* FeedViewControllerTests+LoaderSpy.swift */,
				D66C09012DE8465B00848142 /* HTTPClientStub.swift */,
				D66C09032DE846AA00848142 /* InMemoryFeedStore.swift */,
				D66C08EE2DE81C8E00848142 /* ListViewController+TestHelpers.swift */,
				D60C5A872DE742010031E4EC /* SharedTestHelpers.swift */,
				D66C08F22DE81C8E00848142 /* UIButton+TestHelpers.swift */,
				D66C08F32DE81C8E00848142 /* UIControl+TestHelpers.swift */,
				D66C08F42DE81C8E00848142 /* UIImage+TestHelpers.swift */,
				D66C08F52DE81C8E00848142 /* UIRefreshControl+TestHelpers.swift */,
				D638B40A2DE8C73100563E38 /* UIView+TestHelpers.swift */,
				D60C5A852DE7418B0031E4EC /* XCTestCase+MemoryLeakTracking.swift */,
			);
			path = Helpers;
			sourceTree = "<group>";
		};
		D622E9112DE7202A00957BA7 /* Frameworks */ = {
			isa = PBXGroup;
			children = (
				D622E9122DE7202A00957BA7 /* EssentialFeed.framework */,
				D622E9132DE7202A00957BA7 /* EssentialFeediOS.framework */,
			);
			name = Frameworks;
			sourceTree = "<group>";
		};
		D69E910B2DE71E730040B911 = {
			isa = PBXGroup;
			children = (
				D60C5A5D2DE7233D0031E4EC /* EssentialApp.xctestplan */,
				D60C5A7B2DE7417B0031E4EC /* EssentialApp */,
				D60C5A6D2DE741750031E4EC /* EssentialAppTests */,
				D622E9112DE7202A00957BA7 /* Frameworks */,
				D69E91152DE71E730040B911 /* Products */,
			);
			sourceTree = "<group>";
		};
		D69E91152DE71E730040B911 /* Products */ = {
			isa = PBXGroup;
			children = (
				D69E91142DE71E730040B911 /* EssentialApp.app */,
				D69E912A2DE71E740040B911 /* EssentialAppTests.xctest */,
			);
			name = Products;
			sourceTree = "<group>";
		};
/* End PBXGroup section */

/* Begin PBXNativeTarget section */
		D69E91132DE71E730040B911 /* EssentialApp */ = {
			isa = PBXNativeTarget;
			buildConfigurationList = D69E913D2DE71E740040B911 /* Build configuration list for PBXNativeTarget "EssentialApp" */;
			buildPhases = (
				D69E91102DE71E730040B911 /* Sources */,
				D69E91112DE71E730040B911 /* Frameworks */,
				D69E91122DE71E730040B911 /* Resources */,
				D622E9182DE7202A00957BA7 /* Embed Frameworks */,
			);
			buildRules = (
			);
			dependencies = (
			);
			name = EssentialApp;
			packageProductDependencies = (
			);
			productName = EssentialApp;
			productReference = D69E91142DE71E730040B911 /* EssentialApp.app */;
			productType = "com.apple.product-type.application";
		};
		D69E91292DE71E740040B911 /* EssentialAppTests */ = {
			isa = PBXNativeTarget;
			buildConfigurationList = D69E91422DE71E740040B911 /* Build configuration list for PBXNativeTarget "EssentialAppTests" */;
			buildPhases = (
				D69E91262DE71E740040B911 /* Sources */,
				D69E91272DE71E740040B911 /* Frameworks */,
				D69E91282DE71E740040B911 /* Resources */,
			);
			buildRules = (
			);
			dependencies = (
				D69E912C2DE71E740040B911 /* PBXTargetDependency */,
			);
			name = EssentialAppTests;
			packageProductDependencies = (
			);
			productName = EssentialAppTests;
			productReference = D69E912A2DE71E740040B911 /* EssentialAppTests.xctest */;
			productType = "com.apple.product-type.bundle.unit-test";
		};
/* End PBXNativeTarget section */

/* Begin PBXProject section */
		D69E910C2DE71E730040B911 /* Project object */ = {
			isa = PBXProject;
			attributes = {
				BuildIndependentTargetsInParallel = 1;
				LastSwiftUpdateCheck = 1630;
				LastUpgradeCheck = 1630;
				TargetAttributes = {
					D69E91132DE71E730040B911 = {
						CreatedOnToolsVersion = 16.3;
					};
					D69E91292DE71E740040B911 = {
						CreatedOnToolsVersion = 16.3;
						LastSwiftMigration = 1630;
						TestTargetID = D69E91132DE71E730040B911;
					};
				};
			};
			buildConfigurationList = D69E910F2DE71E730040B911 /* Build configuration list for PBXProject "EssentialApp" */;
			developmentRegion = en;
			hasScannedForEncodings = 0;
			knownRegions = (
				en,
				Base,
			);
			mainGroup = D69E910B2DE71E730040B911;
			minimizedProjectReferenceProxies = 1;
			preferredProjectObjectVersion = 77;
			productRefGroup = D69E91152DE71E730040B911 /* Products */;
			projectDirPath = "";
			projectRoot = "";
			targets = (
				D69E91132DE71E730040B911 /* EssentialApp */,
				D69E91292DE71E740040B911 /* EssentialAppTests */,
			);
		};
/* End PBXProject section */

/* Begin PBXResourcesBuildPhase section */
		D69E91122DE71E730040B911 /* Resources */ = {
			isa = PBXResourcesBuildPhase;
			buildActionMask = 2147483647;
			files = (
				D60C5A802DE7417B0031E4EC /* Assets.xcassets in Resources */,
				D60C5A822DE7417B0031E4EC /* LaunchScreen.storyboard in Resources */,
				D60C5A5E2DE7233D0031E4EC /* EssentialApp.xctestplan in Resources */,
			);
			runOnlyForDeploymentPostprocessing = 0;
		};
		D69E91282DE71E740040B911 /* Resources */ = {
			isa = PBXResourcesBuildPhase;
			buildActionMask = 2147483647;
			files = (
			);
			runOnlyForDeploymentPostprocessing = 0;
		};
/* End PBXResourcesBuildPhase section */

/* Begin PBXSourcesBuildPhase section */
		D69E91102DE71E730040B911 /* Sources */ = {
			isa = PBXSourcesBuildPhase;
			buildActionMask = 2147483647;
			files = (
				D60C5A7C2DE7417B0031E4EC /* AppDelegate.swift in Sources */,
				D66C08E52DE81A7200848142 /* FeedViewAdapter.swift in Sources */,
				D66C08E62DE81A7200848142 /* WeakRefVirtualProxy.swift in Sources */,
				D656C3732DF3172000DFDE0D /* CommentsUIComposer.swift in Sources */,
				D66C08E72DE81A7200848142 /* LoadResourcePresentationAdapter.swift in Sources */,
				D66C08E82DE81A7200848142 /* FeedUIComposer.swift in Sources */,
				D60C5A7F2DE7417B0031E4EC /* SceneDelegate.swift in Sources */,
				D638B40D2DED4FEE00563E38 /* CombineHelpers.swift in Sources */,
			);
			runOnlyForDeploymentPostprocessing = 0;
		};
		D69E91262DE71E740040B911 /* Sources */ = {
			isa = PBXSourcesBuildPhase;
			buildActionMask = 2147483647;
			files = (
				D60C5A882DE742010031E4EC /* SharedTestHelpers.swift in Sources */,
				D66C08DE2DE816E100848142 /* SceneDelegateTests.swift in Sources */,
				D656C3752DF3174A00DFDE0D /* CommentsUIIntegrationTests.swift in Sources */,
				D66C09002DE81D1700848142 /* FeedAccentanceTests.swift in Sources */,
				D66C08EC2DE81C5F00848142 /* FeedUIIntegrationTests.swift in Sources */,
				D66C09042DE846AA00848142 /* InMemoryFeedStore.swift in Sources */,
				D60C5A862DE7418B0031E4EC /* XCTestCase+MemoryLeakTracking.swift in Sources */,
				D66C08F62DE81C8E00848142 /* UIControl+TestHelpers.swift in Sources */,
				D66C08F72DE81C8E00848142 /* UIRefreshControl+TestHelpers.swift in Sources */,
				D66C09022DE8465B00848142 /* HTTPClientStub.swift in Sources */,
				D66C08F82DE81C8E00848142 /* ListViewController+TestHelpers.swift in Sources */,
				D638B40B2DE8C73100563E38 /* UIView+TestHelpers.swift in Sources */,
				D66C08FA2DE81C8E00848142 /* FeedViewControllerTests+Assertions.swift in Sources */,
				D66C08FB2DE81C8E00848142 /* FeedImageCell+TestHelpers.swift in Sources */,
				D66C08FC2DE81C8E00848142 /* UIButton+TestHelpers.swift in Sources */,
				D66C08FD2DE81C8E00848142 /* FeedViewControllerTests+LoaderSpy.swift in Sources */,
				D66C08FE2DE81C8E00848142 /* UIImage+TestHelpers.swift in Sources */,
			);
			runOnlyForDeploymentPostprocessing = 0;
		};
/* End PBXSourcesBuildPhase section */

/* Begin PBXTargetDependency section */
		D69E912C2DE71E740040B911 /* PBXTargetDependency */ = {
			isa = PBXTargetDependency;
			target = D69E91132DE71E730040B911 /* EssentialApp */;
			targetProxy = D69E912B2DE71E740040B911 /* PBXContainerItemProxy */;
		};
/* End PBXTargetDependency section */

/* Begin PBXVariantGroup section */
		D60C5A772DE7417B0031E4EC /* LaunchScreen.storyboard */ = {
			isa = PBXVariantGroup;
			children = (
				D60C5A762DE7417B0031E4EC /* Base */,
			);
			name = LaunchScreen.storyboard;
			sourceTree = "<group>";
		};
/* End PBXVariantGroup section */

/* Begin XCBuildConfiguration section */
		D69E913E2DE71E740040B911 /* Debug */ = {
			isa = XCBuildConfiguration;
			buildSettings = {
				ASSETCATALOG_COMPILER_APPICON_NAME = AppIcon;
				ASSETCATALOG_COMPILER_GLOBAL_ACCENT_COLOR_NAME = AccentColor;
				CODE_SIGN_STYLE = Automatic;
				CURRENT_PROJECT_VERSION = 1;
				DEVELOPMENT_TEAM = THNCCMD76S;
				GENERATE_INFOPLIST_FILE = YES;
				INFOPLIST_FILE = EssentialApp/Info.plist;
				INFOPLIST_KEY_UIApplicationSupportsIndirectInputEvents = YES;
				INFOPLIST_KEY_UILaunchStoryboardName = LaunchScreen;
				INFOPLIST_KEY_UISupportedInterfaceOrientations = UIInterfaceOrientationPortrait;
				LD_RUNPATH_SEARCH_PATHS = (
					"$(inherited)",
					"@executable_path/Frameworks",
				);
				MARKETING_VERSION = 1.0;
				PRODUCT_BUNDLE_IDENTIFIER = com.bmapp.EssentialApp;
				PRODUCT_NAME = "$(TARGET_NAME)";
				SWIFT_EMIT_LOC_STRINGS = YES;
				SWIFT_VERSION = 5.0;
				TARGETED_DEVICE_FAMILY = "1,2";
			};
			name = Debug;
		};
		D69E913F2DE71E740040B911 /* Release */ = {
			isa = XCBuildConfiguration;
			buildSettings = {
				ASSETCATALOG_COMPILER_APPICON_NAME = AppIcon;
				ASSETCATALOG_COMPILER_GLOBAL_ACCENT_COLOR_NAME = AccentColor;
				CODE_SIGN_STYLE = Automatic;
				CURRENT_PROJECT_VERSION = 1;
				DEVELOPMENT_TEAM = THNCCMD76S;
				GENERATE_INFOPLIST_FILE = YES;
				INFOPLIST_FILE = EssentialApp/Info.plist;
				INFOPLIST_KEY_UIApplicationSupportsIndirectInputEvents = YES;
				INFOPLIST_KEY_UILaunchStoryboardName = LaunchScreen;
				INFOPLIST_KEY_UISupportedInterfaceOrientations = UIInterfaceOrientationPortrait;
				LD_RUNPATH_SEARCH_PATHS = (
					"$(inherited)",
					"@executable_path/Frameworks",
				);
				MARKETING_VERSION = 1.0;
				PRODUCT_BUNDLE_IDENTIFIER = com.bmapp.EssentialApp;
				PRODUCT_NAME = "$(TARGET_NAME)";
				SWIFT_EMIT_LOC_STRINGS = YES;
				SWIFT_VERSION = 5.0;
				TARGETED_DEVICE_FAMILY = "1,2";
			};
			name = Release;
		};
		D69E91402DE71E740040B911 /* Debug */ = {
			isa = XCBuildConfiguration;
			buildSettings = {
				ALWAYS_SEARCH_USER_PATHS = NO;
				ASSETCATALOG_COMPILER_GENERATE_SWIFT_ASSET_SYMBOL_EXTENSIONS = YES;
				CLANG_ANALYZER_NONNULL = YES;
				CLANG_ANALYZER_NUMBER_OBJECT_CONVERSION = YES_AGGRESSIVE;
				CLANG_CXX_LANGUAGE_STANDARD = "gnu++20";
				CLANG_ENABLE_MODULES = YES;
				CLANG_ENABLE_OBJC_ARC = YES;
				CLANG_ENABLE_OBJC_WEAK = YES;
				CLANG_WARN_BLOCK_CAPTURE_AUTORELEASING = YES;
				CLANG_WARN_BOOL_CONVERSION = YES;
				CLANG_WARN_COMMA = YES;
				CLANG_WARN_CONSTANT_CONVERSION = YES;
				CLANG_WARN_DEPRECATED_OBJC_IMPLEMENTATIONS = YES;
				CLANG_WARN_DIRECT_OBJC_ISA_USAGE = YES_ERROR;
				CLANG_WARN_DOCUMENTATION_COMMENTS = YES;
				CLANG_WARN_EMPTY_BODY = YES;
				CLANG_WARN_ENUM_CONVERSION = YES;
				CLANG_WARN_INFINITE_RECURSION = YES;
				CLANG_WARN_INT_CONVERSION = YES;
				CLANG_WARN_NON_LITERAL_NULL_CONVERSION = YES;
				CLANG_WARN_OBJC_IMPLICIT_RETAIN_SELF = YES;
				CLANG_WARN_OBJC_LITERAL_CONVERSION = YES;
				CLANG_WARN_OBJC_ROOT_CLASS = YES_ERROR;
				CLANG_WARN_QUOTED_INCLUDE_IN_FRAMEWORK_HEADER = YES;
				CLANG_WARN_RANGE_LOOP_ANALYSIS = YES;
				CLANG_WARN_STRICT_PROTOTYPES = YES;
				CLANG_WARN_SUSPICIOUS_MOVE = YES;
				CLANG_WARN_UNGUARDED_AVAILABILITY = YES_AGGRESSIVE;
				CLANG_WARN_UNREACHABLE_CODE = YES;
				CLANG_WARN__DUPLICATE_METHOD_MATCH = YES;
				COPY_PHASE_STRIP = NO;
				DEBUG_INFORMATION_FORMAT = dwarf;
				DEVELOPMENT_TEAM = THNCCMD76S;
				ENABLE_STRICT_OBJC_MSGSEND = YES;
				ENABLE_TESTABILITY = YES;
				ENABLE_USER_SCRIPT_SANDBOXING = YES;
				GCC_C_LANGUAGE_STANDARD = gnu17;
				GCC_DYNAMIC_NO_PIC = NO;
				GCC_NO_COMMON_BLOCKS = YES;
				GCC_OPTIMIZATION_LEVEL = 0;
				GCC_PREPROCESSOR_DEFINITIONS = (
					"DEBUG=1",
					"$(inherited)",
				);
				GCC_WARN_64_TO_32_BIT_CONVERSION = YES;
				GCC_WARN_ABOUT_RETURN_TYPE = YES_ERROR;
				GCC_WARN_UNDECLARED_SELECTOR = YES;
				GCC_WARN_UNINITIALIZED_AUTOS = YES_AGGRESSIVE;
				GCC_WARN_UNUSED_FUNCTION = YES;
				GCC_WARN_UNUSED_VARIABLE = YES;
				IPHONEOS_DEPLOYMENT_TARGET = 18.4;
				LOCALIZATION_PREFERS_STRING_CATALOGS = YES;
				MTL_ENABLE_DEBUG_INFO = INCLUDE_SOURCE;
				MTL_FAST_MATH = YES;
				ONLY_ACTIVE_ARCH = YES;
				SDKROOT = iphoneos;
				SWIFT_ACTIVE_COMPILATION_CONDITIONS = "DEBUG $(inherited)";
				SWIFT_OPTIMIZATION_LEVEL = "-Onone";
			};
			name = Debug;
		};
		D69E91412DE71E740040B911 /* Release */ = {
			isa = XCBuildConfiguration;
			buildSettings = {
				ALWAYS_SEARCH_USER_PATHS = NO;
				ASSETCATALOG_COMPILER_GENERATE_SWIFT_ASSET_SYMBOL_EXTENSIONS = YES;
				CLANG_ANALYZER_NONNULL = YES;
				CLANG_ANALYZER_NUMBER_OBJECT_CONVERSION = YES_AGGRESSIVE;
				CLANG_CXX_LANGUAGE_STANDARD = "gnu++20";
				CLANG_ENABLE_MODULES = YES;
				CLANG_ENABLE_OBJC_ARC = YES;
				CLANG_ENABLE_OBJC_WEAK = YES;
				CLANG_WARN_BLOCK_CAPTURE_AUTORELEASING = YES;
				CLANG_WARN_BOOL_CONVERSION = YES;
				CLANG_WARN_COMMA = YES;
				CLANG_WARN_CONSTANT_CONVERSION = YES;
				CLANG_WARN_DEPRECATED_OBJC_IMPLEMENTATIONS = YES;
				CLANG_WARN_DIRECT_OBJC_ISA_USAGE = YES_ERROR;
				CLANG_WARN_DOCUMENTATION_COMMENTS = YES;
				CLANG_WARN_EMPTY_BODY = YES;
				CLANG_WARN_ENUM_CONVERSION = YES;
				CLANG_WARN_INFINITE_RECURSION = YES;
				CLANG_WARN_INT_CONVERSION = YES;
				CLANG_WARN_NON_LITERAL_NULL_CONVERSION = YES;
				CLANG_WARN_OBJC_IMPLICIT_RETAIN_SELF = YES;
				CLANG_WARN_OBJC_LITERAL_CONVERSION = YES;
				CLANG_WARN_OBJC_ROOT_CLASS = YES_ERROR;
				CLANG_WARN_QUOTED_INCLUDE_IN_FRAMEWORK_HEADER = YES;
				CLANG_WARN_RANGE_LOOP_ANALYSIS = YES;
				CLANG_WARN_STRICT_PROTOTYPES = YES;
				CLANG_WARN_SUSPICIOUS_MOVE = YES;
				CLANG_WARN_UNGUARDED_AVAILABILITY = YES_AGGRESSIVE;
				CLANG_WARN_UNREACHABLE_CODE = YES;
				CLANG_WARN__DUPLICATE_METHOD_MATCH = YES;
				COPY_PHASE_STRIP = NO;
				DEBUG_INFORMATION_FORMAT = "dwarf-with-dsym";
				DEVELOPMENT_TEAM = THNCCMD76S;
				ENABLE_NS_ASSERTIONS = NO;
				ENABLE_STRICT_OBJC_MSGSEND = YES;
				ENABLE_USER_SCRIPT_SANDBOXING = YES;
				GCC_C_LANGUAGE_STANDARD = gnu17;
				GCC_NO_COMMON_BLOCKS = YES;
				GCC_WARN_64_TO_32_BIT_CONVERSION = YES;
				GCC_WARN_ABOUT_RETURN_TYPE = YES_ERROR;
				GCC_WARN_UNDECLARED_SELECTOR = YES;
				GCC_WARN_UNINITIALIZED_AUTOS = YES_AGGRESSIVE;
				GCC_WARN_UNUSED_FUNCTION = YES;
				GCC_WARN_UNUSED_VARIABLE = YES;
				IPHONEOS_DEPLOYMENT_TARGET = 18.4;
				LOCALIZATION_PREFERS_STRING_CATALOGS = YES;
				MTL_ENABLE_DEBUG_INFO = NO;
				MTL_FAST_MATH = YES;
				SDKROOT = iphoneos;
				SWIFT_COMPILATION_MODE = wholemodule;
				VALIDATE_PRODUCT = YES;
			};
			name = Release;
		};
		D69E91432DE71E740040B911 /* Debug */ = {
			isa = XCBuildConfiguration;
			buildSettings = {
				BUNDLE_LOADER = "$(TEST_HOST)";
				CLANG_ENABLE_MODULES = YES;
				CODE_SIGN_STYLE = Automatic;
				CURRENT_PROJECT_VERSION = 1;
				DEVELOPMENT_TEAM = THNCCMD76S;
				GENERATE_INFOPLIST_FILE = YES;
				IPHONEOS_DEPLOYMENT_TARGET = 18.4;
				MARKETING_VERSION = 1.0;
				PRODUCT_BUNDLE_IDENTIFIER = com.bmapp.EssentialAppTests;
				PRODUCT_NAME = "$(TARGET_NAME)";
				SWIFT_EMIT_LOC_STRINGS = NO;
				SWIFT_OPTIMIZATION_LEVEL = "-Onone";
				SWIFT_VERSION = 5.0;
				TARGETED_DEVICE_FAMILY = "1,2";
				TEST_HOST = "$(BUILT_PRODUCTS_DIR)/EssentialApp.app/$(BUNDLE_EXECUTABLE_FOLDER_PATH)/EssentialApp";
			};
			name = Debug;
		};
		D69E91442DE71E740040B911 /* Release */ = {
			isa = XCBuildConfiguration;
			buildSettings = {
				BUNDLE_LOADER = "$(TEST_HOST)";
				CLANG_ENABLE_MODULES = YES;
				CODE_SIGN_STYLE = Automatic;
				CURRENT_PROJECT_VERSION = 1;
				DEVELOPMENT_TEAM = THNCCMD76S;
				GENERATE_INFOPLIST_FILE = YES;
				IPHONEOS_DEPLOYMENT_TARGET = 18.4;
				MARKETING_VERSION = 1.0;
				PRODUCT_BUNDLE_IDENTIFIER = com.bmapp.EssentialAppTests;
				PRODUCT_NAME = "$(TARGET_NAME)";
				SWIFT_EMIT_LOC_STRINGS = NO;
				SWIFT_VERSION = 5.0;
				TARGETED_DEVICE_FAMILY = "1,2";
				TEST_HOST = "$(BUILT_PRODUCTS_DIR)/EssentialApp.app/$(BUNDLE_EXECUTABLE_FOLDER_PATH)/EssentialApp";
			};
			name = Release;
		};
/* End XCBuildConfiguration section */

/* Begin XCConfigurationList section */
		D69E910F2DE71E730040B911 /* Build configuration list for PBXProject "EssentialApp" */ = {
			isa = XCConfigurationList;
			buildConfigurations = (
				D69E91402DE71E740040B911 /* Debug */,
				D69E91412DE71E740040B911 /* Release */,
			);
			defaultConfigurationIsVisible = 0;
			defaultConfigurationName = Release;
		};
		D69E913D2DE71E740040B911 /* Build configuration list for PBXNativeTarget "EssentialApp" */ = {
			isa = XCConfigurationList;
			buildConfigurations = (
				D69E913E2DE71E740040B911 /* Debug */,
				D69E913F2DE71E740040B911 /* Release */,
			);
			defaultConfigurationIsVisible = 0;
			defaultConfigurationName = Release;
		};
		D69E91422DE71E740040B911 /* Build configuration list for PBXNativeTarget "EssentialAppTests" */ = {
			isa = XCConfigurationList;
			buildConfigurations = (
				D69E91432DE71E740040B911 /* Debug */,
				D69E91442DE71E740040B911 /* Release */,
			);
			defaultConfigurationIsVisible = 0;
			defaultConfigurationName = Release;
		};
/* End XCConfigurationList section */
	};
	rootObject = D69E910C2DE71E730040B911 /* Project object */;
}
